// !$*UTF8*$!
{
	archiveVersion = 1;
	classes = {
	};
	objectVersion = 50;
	objects = {

/* Begin PBXBuildFile section */
		2F5887B9FCC203AA6F78D720 /* libPods-Contact PickerTests.a in Frameworks */ = {isa = PBXBuildFile; fileRef = 41B4252D8508D33D272ABD00 /* libPods-Contact PickerTests.a */; };
		8026FB58957DC05C4C2EAC74 /* libPods-Contact Picker.a in Frameworks */ = {isa = PBXBuildFile; fileRef = 4C4782A21B4610CBBE0D790C /* libPods-Contact Picker.a */; };
		9CF2762FD86000885745F8F4 /* libPods-Contact PickerUITests.a in Frameworks */ = {isa = PBXBuildFile; fileRef = AD0F276444786B6E31BB7CC8 /* libPods-Contact PickerUITests.a */; };
		A156F7CC242312DC00AD030E /* NSDictionary+SortedDictionary.m in Sources */ = {isa = PBXBuildFile; fileRef = A156F7CB242312DC00AD030E /* NSDictionary+SortedDictionary.m */; };
		A156F7CF2423595B00AD030E /* ContactSearchController.m in Sources */ = {isa = PBXBuildFile; fileRef = A156F7CE2423595B00AD030E /* ContactSearchController.m */; };
		A156F7D52423634900AD030E /* ColorConstants.m in Sources */ = {isa = PBXBuildFile; fileRef = A156F7D42423634900AD030E /* ColorConstants.m */; };
		A157228F2429F8AB00A08E19 /* ContactDataAdapterConstants.m in Sources */ = {isa = PBXBuildFile; fileRef = A157228E2429F8AB00A08E19 /* ContactDataAdapterConstants.m */; };
		A16235F324206C8F006E36C8 /* AppDelegate.m in Sources */ = {isa = PBXBuildFile; fileRef = A16235F224206C8F006E36C8 /* AppDelegate.m */; };
		A16235F624206C8F006E36C8 /* SceneDelegate.m in Sources */ = {isa = PBXBuildFile; fileRef = A16235F524206C8F006E36C8 /* SceneDelegate.m */; };
		A16235F924206C8F006E36C8 /* ViewController.m in Sources */ = {isa = PBXBuildFile; fileRef = A16235F824206C8F006E36C8 /* ViewController.m */; };
		A16235FC24206C8F006E36C8 /* Main.storyboard in Resources */ = {isa = PBXBuildFile; fileRef = A16235FA24206C8F006E36C8 /* Main.storyboard */; };
		A16235FE24206C91006E36C8 /* Assets.xcassets in Resources */ = {isa = PBXBuildFile; fileRef = A16235FD24206C91006E36C8 /* Assets.xcassets */; };
		A162360124206C91006E36C8 /* LaunchScreen.storyboard in Resources */ = {isa = PBXBuildFile; fileRef = A16235FF24206C91006E36C8 /* LaunchScreen.storyboard */; };
		A162360424206C91006E36C8 /* main.m in Sources */ = {isa = PBXBuildFile; fileRef = A162360324206C91006E36C8 /* main.m */; };
		A162360E24206C91006E36C8 /* Contact_PickerTests.m in Sources */ = {isa = PBXBuildFile; fileRef = A162360D24206C91006E36C8 /* Contact_PickerTests.m */; };
		A162361924206C91006E36C8 /* Contact_PickerUITests.m in Sources */ = {isa = PBXBuildFile; fileRef = A162361824206C91006E36C8 /* Contact_PickerUITests.m */; };
		A162363224207AE9006E36C8 /* ContactService.m in Sources */ = {isa = PBXBuildFile; fileRef = A162363124207AE9006E36C8 /* ContactService.m */; };
		A162363A2420810E006E36C8 /* ZAContact.m in Sources */ = {isa = PBXBuildFile; fileRef = A16236392420810E006E36C8 /* ZAContact.m */; };
		A162363F242083EE006E36C8 /* ContactDataAdapter.m in Sources */ = {isa = PBXBuildFile; fileRef = A162363E242083EE006E36C8 /* ContactDataAdapter.m */; };
		A16236422420B184006E36C8 /* ContactTableViewController.m in Sources */ = {isa = PBXBuildFile; fileRef = A16236412420B184006E36C8 /* ContactTableViewController.m */; };
		A16236472420B4EA006E36C8 /* ContactTableViewPresenter.m in Sources */ = {isa = PBXBuildFile; fileRef = A16236462420B4EA006E36C8 /* ContactTableViewPresenter.m */; };
		A162364B2420B71D006E36C8 /* ContactTableCell.m in Sources */ = {isa = PBXBuildFile; fileRef = A162364A2420B71D006E36C8 /* ContactTableCell.m */; };
		A162364E2420BBA2006E36C8 /* ContactTableCellViewModel.m in Sources */ = {isa = PBXBuildFile; fileRef = A162364D2420BBA2006E36C8 /* ContactTableCellViewModel.m */; };
		A178CB872429A9850079F5DA /* ContactPickerCell.xib in Resources */ = {isa = PBXBuildFile; fileRef = A178CB862429A9850079F5DA /* ContactPickerCell.xib */; };
		A178CB8A2429AA3D0079F5DA /* ContactPickerCell.m in Sources */ = {isa = PBXBuildFile; fileRef = A178CB892429AA3D0079F5DA /* ContactPickerCell.m */; };
		A178CB8E2429AEEE0079F5DA /* VMHelper.m in Sources */ = {isa = PBXBuildFile; fileRef = A178CB8D2429AEEE0079F5DA /* VMHelper.m */; };
		A17F55742428B6C3000FE44D /* ContactTableCell.xib in Resources */ = {isa = PBXBuildFile; fileRef = A17F55732428B6C3000FE44D /* ContactTableCell.xib */; };
		A17F55772428CB4D000FE44D /* ContactPickerController.m in Sources */ = {isa = PBXBuildFile; fileRef = A17F55762428CB4D000FE44D /* ContactPickerController.m */; };
		A191E2572421E062002824F7 /* ImageCacheService.m in Sources */ = {isa = PBXBuildFile; fileRef = A191E2562421E062002824F7 /* ImageCacheService.m */; };
		A1FE64D2242463210062FDE4 /* NSMutableArray+QueueAdditions.m in Sources */ = {isa = PBXBuildFile; fileRef = A1FE64D1242463210062FDE4 /* NSMutableArray+QueueAdditions.m */; };
		A1FE64D72424C75F0062FDE4 /* UIImageView+ImageWithColor.m in Sources */ = {isa = PBXBuildFile; fileRef = A1FE64D62424C75F0062FDE4 /* UIImageView+ImageWithColor.m */; };
/* End PBXBuildFile section */

/* Begin PBXContainerItemProxy section */
		A162360A24206C91006E36C8 /* PBXContainerItemProxy */ = {
			isa = PBXContainerItemProxy;
			containerPortal = A16235E624206C8F006E36C8 /* Project object */;
			proxyType = 1;
			remoteGlobalIDString = A16235ED24206C8F006E36C8;
			remoteInfo = "Contact Picker";
		};
		A162361524206C91006E36C8 /* PBXContainerItemProxy */ = {
			isa = PBXContainerItemProxy;
			containerPortal = A16235E624206C8F006E36C8 /* Project object */;
			proxyType = 1;
			remoteGlobalIDString = A16235ED24206C8F006E36C8;
			remoteInfo = "Contact Picker";
		};
/* End PBXContainerItemProxy section */

/* Begin PBXFileReference section */
		190F952E8F47177D923F922D /* Pods-Contact PickerTests.debug.xcconfig */ = {isa = PBXFileReference; includeInIndex = 1; lastKnownFileType = text.xcconfig; name = "Pods-Contact PickerTests.debug.xcconfig"; path = "Pods/Target Support Files/Pods-Contact PickerTests/Pods-Contact PickerTests.debug.xcconfig"; sourceTree = "<group>"; };
		31DDB894414B133861ED0E2E /* Pods-Contact PickerUITests.debug.xcconfig */ = {isa = PBXFileReference; includeInIndex = 1; lastKnownFileType = text.xcconfig; name = "Pods-Contact PickerUITests.debug.xcconfig"; path = "Pods/Target Support Files/Pods-Contact PickerUITests/Pods-Contact PickerUITests.debug.xcconfig"; sourceTree = "<group>"; };
		41B4252D8508D33D272ABD00 /* libPods-Contact PickerTests.a */ = {isa = PBXFileReference; explicitFileType = archive.ar; includeInIndex = 0; path = "libPods-Contact PickerTests.a"; sourceTree = BUILT_PRODUCTS_DIR; };
		4C4782A21B4610CBBE0D790C /* libPods-Contact Picker.a */ = {isa = PBXFileReference; explicitFileType = archive.ar; includeInIndex = 0; path = "libPods-Contact Picker.a"; sourceTree = BUILT_PRODUCTS_DIR; };
		9E474F7F9B38AE5760F37C1E /* Pods-Contact PickerTests.release.xcconfig */ = {isa = PBXFileReference; includeInIndex = 1; lastKnownFileType = text.xcconfig; name = "Pods-Contact PickerTests.release.xcconfig"; path = "Pods/Target Support Files/Pods-Contact PickerTests/Pods-Contact PickerTests.release.xcconfig"; sourceTree = "<group>"; };
		A156F7CA242312DC00AD030E /* NSDictionary+SortedDictionary.h */ = {isa = PBXFileReference; lastKnownFileType = sourcecode.c.h; path = "NSDictionary+SortedDictionary.h"; sourceTree = "<group>"; };
		A156F7CB242312DC00AD030E /* NSDictionary+SortedDictionary.m */ = {isa = PBXFileReference; lastKnownFileType = sourcecode.c.objc; path = "NSDictionary+SortedDictionary.m"; sourceTree = "<group>"; };
		A156F7CD242358D600AD030E /* ContactSearchController.h */ = {isa = PBXFileReference; lastKnownFileType = sourcecode.c.h; path = ContactSearchController.h; sourceTree = "<group>"; };
		A156F7CE2423595B00AD030E /* ContactSearchController.m */ = {isa = PBXFileReference; lastKnownFileType = sourcecode.c.objc; path = ContactSearchController.m; sourceTree = "<group>"; };
		A156F7D124235F3800AD030E /* ColorConstants.h */ = {isa = PBXFileReference; lastKnownFileType = sourcecode.c.h; path = ColorConstants.h; sourceTree = "<group>"; };
		A156F7D42423634900AD030E /* ColorConstants.m */ = {isa = PBXFileReference; lastKnownFileType = sourcecode.c.objc; path = ColorConstants.m; sourceTree = "<group>"; };
		A157228E2429F8AB00A08E19 /* ContactDataAdapterConstants.m */ = {isa = PBXFileReference; lastKnownFileType = sourcecode.c.objc; path = ContactDataAdapterConstants.m; sourceTree = "<group>"; };
		A1572290242A225100A08E19 /* ContactPickerCellDelegate.h */ = {isa = PBXFileReference; lastKnownFileType = sourcecode.c.h; path = ContactPickerCellDelegate.h; sourceTree = "<group>"; };
		A16235EE24206C8F006E36C8 /* Contact Picker.app */ = {isa = PBXFileReference; explicitFileType = wrapper.application; includeInIndex = 0; path = "Contact Picker.app"; sourceTree = BUILT_PRODUCTS_DIR; };
		A16235F124206C8F006E36C8 /* AppDelegate.h */ = {isa = PBXFileReference; lastKnownFileType = sourcecode.c.h; path = AppDelegate.h; sourceTree = "<group>"; };
		A16235F224206C8F006E36C8 /* AppDelegate.m */ = {isa = PBXFileReference; lastKnownFileType = sourcecode.c.objc; path = AppDelegate.m; sourceTree = "<group>"; };
		A16235F424206C8F006E36C8 /* SceneDelegate.h */ = {isa = PBXFileReference; lastKnownFileType = sourcecode.c.h; path = SceneDelegate.h; sourceTree = "<group>"; };
		A16235F524206C8F006E36C8 /* SceneDelegate.m */ = {isa = PBXFileReference; lastKnownFileType = sourcecode.c.objc; path = SceneDelegate.m; sourceTree = "<group>"; };
		A16235F724206C8F006E36C8 /* ViewController.h */ = {isa = PBXFileReference; lastKnownFileType = sourcecode.c.h; path = ViewController.h; sourceTree = "<group>"; };
		A16235F824206C8F006E36C8 /* ViewController.m */ = {isa = PBXFileReference; lastKnownFileType = sourcecode.c.objc; path = ViewController.m; sourceTree = "<group>"; };
		A16235FB24206C8F006E36C8 /* Base */ = {isa = PBXFileReference; lastKnownFileType = file.storyboard; name = Base; path = Base.lproj/Main.storyboard; sourceTree = "<group>"; };
		A16235FD24206C91006E36C8 /* Assets.xcassets */ = {isa = PBXFileReference; lastKnownFileType = folder.assetcatalog; path = Assets.xcassets; sourceTree = "<group>"; };
		A162360024206C91006E36C8 /* Base */ = {isa = PBXFileReference; lastKnownFileType = file.storyboard; name = Base; path = Base.lproj/LaunchScreen.storyboard; sourceTree = "<group>"; };
		A162360224206C91006E36C8 /* Info.plist */ = {isa = PBXFileReference; lastKnownFileType = text.plist.xml; path = Info.plist; sourceTree = "<group>"; };
		A162360324206C91006E36C8 /* main.m */ = {isa = PBXFileReference; lastKnownFileType = sourcecode.c.objc; path = main.m; sourceTree = "<group>"; };
		A162360924206C91006E36C8 /* Contact PickerTests.xctest */ = {isa = PBXFileReference; explicitFileType = wrapper.cfbundle; includeInIndex = 0; path = "Contact PickerTests.xctest"; sourceTree = BUILT_PRODUCTS_DIR; };
		A162360D24206C91006E36C8 /* Contact_PickerTests.m */ = {isa = PBXFileReference; lastKnownFileType = sourcecode.c.objc; path = Contact_PickerTests.m; sourceTree = "<group>"; };
		A162360F24206C91006E36C8 /* Info.plist */ = {isa = PBXFileReference; lastKnownFileType = text.plist.xml; path = Info.plist; sourceTree = "<group>"; };
		A162361424206C91006E36C8 /* Contact PickerUITests.xctest */ = {isa = PBXFileReference; explicitFileType = wrapper.cfbundle; includeInIndex = 0; path = "Contact PickerUITests.xctest"; sourceTree = BUILT_PRODUCTS_DIR; };
		A162361824206C91006E36C8 /* Contact_PickerUITests.m */ = {isa = PBXFileReference; lastKnownFileType = sourcecode.c.objc; path = Contact_PickerUITests.m; sourceTree = "<group>"; };
		A162361A24206C91006E36C8 /* Info.plist */ = {isa = PBXFileReference; lastKnownFileType = text.plist.xml; path = Info.plist; sourceTree = "<group>"; };
		A162362824206E27006E36C8 /* AppConstants.h */ = {isa = PBXFileReference; lastKnownFileType = sourcecode.c.h; path = AppConstants.h; sourceTree = "<group>"; };
		A162363024207A63006E36C8 /* ContactService.h */ = {isa = PBXFileReference; lastKnownFileType = sourcecode.c.h; path = ContactService.h; sourceTree = "<group>"; };
		A162363124207AE9006E36C8 /* ContactService.m */ = {isa = PBXFileReference; lastKnownFileType = sourcecode.c.objc; path = ContactService.m; sourceTree = "<group>"; };
		A162363524207D0C006E36C8 /* ZASingleton.h */ = {isa = PBXFileReference; lastKnownFileType = sourcecode.c.h; path = ZASingleton.h; sourceTree = "<group>"; };
		A162363824207EF5006E36C8 /* ZAContact.h */ = {isa = PBXFileReference; lastKnownFileType = sourcecode.c.h; path = ZAContact.h; sourceTree = "<group>"; };
		A16236392420810E006E36C8 /* ZAContact.m */ = {isa = PBXFileReference; lastKnownFileType = sourcecode.c.objc; path = ZAContact.m; sourceTree = "<group>"; };
		A162363C2420830D006E36C8 /* ContactDataAdapter.h */ = {isa = PBXFileReference; lastKnownFileType = sourcecode.c.h; path = ContactDataAdapter.h; sourceTree = "<group>"; };
		A162363D24208322006E36C8 /* DataAdapter.h */ = {isa = PBXFileReference; lastKnownFileType = sourcecode.c.h; path = DataAdapter.h; sourceTree = "<group>"; };
		A162363E242083EE006E36C8 /* ContactDataAdapter.m */ = {isa = PBXFileReference; lastKnownFileType = sourcecode.c.objc; path = ContactDataAdapter.m; sourceTree = "<group>"; };
		A16236402420B125006E36C8 /* ContactTableViewController.h */ = {isa = PBXFileReference; lastKnownFileType = sourcecode.c.h; path = ContactTableViewController.h; sourceTree = "<group>"; };
		A16236412420B184006E36C8 /* ContactTableViewController.m */ = {isa = PBXFileReference; lastKnownFileType = sourcecode.c.objc; path = ContactTableViewController.m; sourceTree = "<group>"; };
		A16236442420B23C006E36C8 /* ContactTableViewPresenter.h */ = {isa = PBXFileReference; lastKnownFileType = sourcecode.c.h; path = ContactTableViewPresenter.h; sourceTree = "<group>"; };
		A16236452420B277006E36C8 /* ContactTableViewPresenterProtocol.h */ = {isa = PBXFileReference; lastKnownFileType = sourcecode.c.h; path = ContactTableViewPresenterProtocol.h; sourceTree = "<group>"; };
		A16236462420B4EA006E36C8 /* ContactTableViewPresenter.m */ = {isa = PBXFileReference; lastKnownFileType = sourcecode.c.objc; path = ContactTableViewPresenter.m; sourceTree = "<group>"; };
		A16236492420B67D006E36C8 /* ContactTableCell.h */ = {isa = PBXFileReference; lastKnownFileType = sourcecode.c.h; path = ContactTableCell.h; sourceTree = "<group>"; };
		A162364A2420B71D006E36C8 /* ContactTableCell.m */ = {isa = PBXFileReference; lastKnownFileType = sourcecode.c.objc; path = ContactTableCell.m; sourceTree = "<group>"; };
		A162364C2420BB0E006E36C8 /* ContactTableCellViewModel.h */ = {isa = PBXFileReference; lastKnownFileType = sourcecode.c.h; path = ContactTableCellViewModel.h; sourceTree = "<group>"; };
		A162364D2420BBA2006E36C8 /* ContactTableCellViewModel.m */ = {isa = PBXFileReference; lastKnownFileType = sourcecode.c.objc; path = ContactTableCellViewModel.m; sourceTree = "<group>"; };
		A162364F2420BC14006E36C8 /* ZAViewModel.h */ = {isa = PBXFileReference; lastKnownFileType = sourcecode.c.h; path = ZAViewModel.h; sourceTree = "<group>"; };
		A178CB862429A9850079F5DA /* ContactPickerCell.xib */ = {isa = PBXFileReference; fileEncoding = 4; lastKnownFileType = file.xib; path = ContactPickerCell.xib; sourceTree = "<group>"; };
		A178CB882429A9A40079F5DA /* ContactPickerCell.h */ = {isa = PBXFileReference; lastKnownFileType = sourcecode.c.h; path = ContactPickerCell.h; sourceTree = "<group>"; };
		A178CB892429AA3D0079F5DA /* ContactPickerCell.m */ = {isa = PBXFileReference; lastKnownFileType = sourcecode.c.objc; path = ContactPickerCell.m; sourceTree = "<group>"; };
		A178CB8C2429AE350079F5DA /* VMHelper.h */ = {isa = PBXFileReference; lastKnownFileType = sourcecode.c.h; path = VMHelper.h; sourceTree = "<group>"; };
		A178CB8D2429AEEE0079F5DA /* VMHelper.m */ = {isa = PBXFileReference; lastKnownFileType = sourcecode.c.objc; path = VMHelper.m; sourceTree = "<group>"; };
		A17F55732428B6C3000FE44D /* ContactTableCell.xib */ = {isa = PBXFileReference; fileEncoding = 4; lastKnownFileType = file.xib; path = ContactTableCell.xib; sourceTree = "<group>"; };
		A17F55752428C0F8000FE44D /* ContactDataAdapterConstants.h */ = {isa = PBXFileReference; lastKnownFileType = sourcecode.c.h; path = ContactDataAdapterConstants.h; sourceTree = "<group>"; };
		A17F55762428CB4D000FE44D /* ContactPickerController.m */ = {isa = PBXFileReference; lastKnownFileType = sourcecode.c.objc; path = ContactPickerController.m; sourceTree = "<group>"; };
		A181538C24285A0800605EA6 /* ContactPickerController.h */ = {isa = PBXFileReference; lastKnownFileType = sourcecode.c.h; path = ContactPickerController.h; sourceTree = "<group>"; };
		A191E2552421D874002824F7 /* ImageCacheService.h */ = {isa = PBXFileReference; lastKnownFileType = sourcecode.c.h; path = ImageCacheService.h; sourceTree = "<group>"; };
		A191E2562421E062002824F7 /* ImageCacheService.m */ = {isa = PBXFileReference; lastKnownFileType = sourcecode.c.objc; path = ImageCacheService.m; sourceTree = "<group>"; };
		A1FE64D0242463210062FDE4 /* NSMutableArray+QueueAdditions.h */ = {isa = PBXFileReference; lastKnownFileType = sourcecode.c.h; path = "NSMutableArray+QueueAdditions.h"; sourceTree = "<group>"; };
		A1FE64D1242463210062FDE4 /* NSMutableArray+QueueAdditions.m */ = {isa = PBXFileReference; lastKnownFileType = sourcecode.c.objc; path = "NSMutableArray+QueueAdditions.m"; sourceTree = "<group>"; };
		A1FE64D52424C75F0062FDE4 /* UIImageView+ImageWithColor.h */ = {isa = PBXFileReference; lastKnownFileType = sourcecode.c.h; path = "UIImageView+ImageWithColor.h"; sourceTree = "<group>"; };
		A1FE64D62424C75F0062FDE4 /* UIImageView+ImageWithColor.m */ = {isa = PBXFileReference; lastKnownFileType = sourcecode.c.objc; path = "UIImageView+ImageWithColor.m"; sourceTree = "<group>"; };
		AD0F276444786B6E31BB7CC8 /* libPods-Contact PickerUITests.a */ = {isa = PBXFileReference; explicitFileType = archive.ar; includeInIndex = 0; path = "libPods-Contact PickerUITests.a"; sourceTree = BUILT_PRODUCTS_DIR; };
		B35C12BAAA7A93EC9CFBB693 /* Pods-Contact Picker.debug.xcconfig */ = {isa = PBXFileReference; includeInIndex = 1; lastKnownFileType = text.xcconfig; name = "Pods-Contact Picker.debug.xcconfig"; path = "Pods/Target Support Files/Pods-Contact Picker/Pods-Contact Picker.debug.xcconfig"; sourceTree = "<group>"; };
		BCDC255ACBC90E8F5E7068CC /* Pods-Contact Picker.release.xcconfig */ = {isa = PBXFileReference; includeInIndex = 1; lastKnownFileType = text.xcconfig; name = "Pods-Contact Picker.release.xcconfig"; path = "Pods/Target Support Files/Pods-Contact Picker/Pods-Contact Picker.release.xcconfig"; sourceTree = "<group>"; };
		D3F088A6AE7A17CDEAB1614E /* Pods-Contact PickerUITests.release.xcconfig */ = {isa = PBXFileReference; includeInIndex = 1; lastKnownFileType = text.xcconfig; name = "Pods-Contact PickerUITests.release.xcconfig"; path = "Pods/Target Support Files/Pods-Contact PickerUITests/Pods-Contact PickerUITests.release.xcconfig"; sourceTree = "<group>"; };
/* End PBXFileReference section */

/* Begin PBXFrameworksBuildPhase section */
		A16235EB24206C8F006E36C8 /* Frameworks */ = {
			isa = PBXFrameworksBuildPhase;
			buildActionMask = 2147483647;
			files = (
				8026FB58957DC05C4C2EAC74 /* libPods-Contact Picker.a in Frameworks */,
			);
			runOnlyForDeploymentPostprocessing = 0;
		};
		A162360624206C91006E36C8 /* Frameworks */ = {
			isa = PBXFrameworksBuildPhase;
			buildActionMask = 2147483647;
			files = (
				2F5887B9FCC203AA6F78D720 /* libPods-Contact PickerTests.a in Frameworks */,
			);
			runOnlyForDeploymentPostprocessing = 0;
		};
		A162361124206C91006E36C8 /* Frameworks */ = {
			isa = PBXFrameworksBuildPhase;
			buildActionMask = 2147483647;
			files = (
				9CF2762FD86000885745F8F4 /* libPods-Contact PickerUITests.a in Frameworks */,
			);
			runOnlyForDeploymentPostprocessing = 0;
		};
/* End PBXFrameworksBuildPhase section */

/* Begin PBXGroup section */
		3D72948C1B6429731C17AB68 /* Pods */ = {
			isa = PBXGroup;
			children = (
				B35C12BAAA7A93EC9CFBB693 /* Pods-Contact Picker.debug.xcconfig */,
				BCDC255ACBC90E8F5E7068CC /* Pods-Contact Picker.release.xcconfig */,
				190F952E8F47177D923F922D /* Pods-Contact PickerTests.debug.xcconfig */,
				9E474F7F9B38AE5760F37C1E /* Pods-Contact PickerTests.release.xcconfig */,
				31DDB894414B133861ED0E2E /* Pods-Contact PickerUITests.debug.xcconfig */,
				D3F088A6AE7A17CDEAB1614E /* Pods-Contact PickerUITests.release.xcconfig */,
			);
			name = Pods;
			sourceTree = "<group>";
		};
		A156F7D024235F2300AD030E /* Utils */ = {
			isa = PBXGroup;
			children = (
				A156F7D124235F3800AD030E /* ColorConstants.h */,
				A156F7D42423634900AD030E /* ColorConstants.m */,
				A1FE64D52424C75F0062FDE4 /* UIImageView+ImageWithColor.h */,
				A1FE64D62424C75F0062FDE4 /* UIImageView+ImageWithColor.m */,
				A178CB8C2429AE350079F5DA /* VMHelper.h */,
				A178CB8D2429AEEE0079F5DA /* VMHelper.m */,
			);
			path = Utils;
			sourceTree = "<group>";
		};
		A16235E524206C8F006E36C8 = {
			isa = PBXGroup;
			children = (
				A16235F024206C8F006E36C8 /* Contact Picker */,
				A162360C24206C91006E36C8 /* Contact PickerTests */,
				A162361724206C91006E36C8 /* Contact PickerUITests */,
				A16235EF24206C8F006E36C8 /* Products */,
				3D72948C1B6429731C17AB68 /* Pods */,
				C78F929CDF92B16074D6B572 /* Frameworks */,
			);
			sourceTree = "<group>";
		};
		A16235EF24206C8F006E36C8 /* Products */ = {
			isa = PBXGroup;
			children = (
				A16235EE24206C8F006E36C8 /* Contact Picker.app */,
				A162360924206C91006E36C8 /* Contact PickerTests.xctest */,
				A162361424206C91006E36C8 /* Contact PickerUITests.xctest */,
			);
			name = Products;
			sourceTree = "<group>";
		};
		A16235F024206C8F006E36C8 /* Contact Picker */ = {
			isa = PBXGroup;
			children = (
				A16236432420B229006E36C8 /* Presenters */,
				A162363B242082FB006E36C8 /* Adapters */,
				A162363324207CEE006E36C8 /* Utils */,
				A162362F24207A4F006E36C8 /* Services */,
				A162362E24207A24006E36C8 /* Controllers */,
				A162362C24207470006E36C8 /* View Models */,
				A162362924206F85006E36C8 /* Models */,
				A162362624206CFB006E36C8 /* Views */,
				A16235F124206C8F006E36C8 /* AppDelegate.h */,
				A16235F224206C8F006E36C8 /* AppDelegate.m */,
				A162362824206E27006E36C8 /* AppConstants.h */,
				A16235F424206C8F006E36C8 /* SceneDelegate.h */,
				A16235F524206C8F006E36C8 /* SceneDelegate.m */,
				A16235FA24206C8F006E36C8 /* Main.storyboard */,
				A16235FD24206C91006E36C8 /* Assets.xcassets */,
				A16235FF24206C91006E36C8 /* LaunchScreen.storyboard */,
				A162360224206C91006E36C8 /* Info.plist */,
				A162360324206C91006E36C8 /* main.m */,
			);
			path = "Contact Picker";
			sourceTree = "<group>";
		};
		A162360C24206C91006E36C8 /* Contact PickerTests */ = {
			isa = PBXGroup;
			children = (
				A162360D24206C91006E36C8 /* Contact_PickerTests.m */,
				A162360F24206C91006E36C8 /* Info.plist */,
			);
			path = "Contact PickerTests";
			sourceTree = "<group>";
		};
		A162361724206C91006E36C8 /* Contact PickerUITests */ = {
			isa = PBXGroup;
			children = (
				A162361824206C91006E36C8 /* Contact_PickerUITests.m */,
				A162361A24206C91006E36C8 /* Info.plist */,
			);
			path = "Contact PickerUITests";
			sourceTree = "<group>";
		};
		A162362624206CFB006E36C8 /* Views */ = {
			isa = PBXGroup;
			children = (
				A156F7D024235F2300AD030E /* Utils */,
				A162362D24207538006E36C8 /* Components */,
				A162362724206D0C006E36C8 /* Screens */,
			);
			path = Views;
			sourceTree = "<group>";
		};
		A162362724206D0C006E36C8 /* Screens */ = {
			isa = PBXGroup;
			children = (
				A16235F724206C8F006E36C8 /* ViewController.h */,
				A16235F824206C8F006E36C8 /* ViewController.m */,
			);
			path = Screens;
			sourceTree = "<group>";
		};
		A162362924206F85006E36C8 /* Models */ = {
			isa = PBXGroup;
			children = (
				A162363824207EF5006E36C8 /* ZAContact.h */,
				A16236392420810E006E36C8 /* ZAContact.m */,
			);
			path = Models;
			sourceTree = "<group>";
		};
		A162362C24207470006E36C8 /* View Models */ = {
			isa = PBXGroup;
			children = (
				A162364C2420BB0E006E36C8 /* ContactTableCellViewModel.h */,
				A162364D2420BBA2006E36C8 /* ContactTableCellViewModel.m */,
				A162364F2420BC14006E36C8 /* ZAViewModel.h */,
			);
			path = "View Models";
			sourceTree = "<group>";
		};
		A162362D24207538006E36C8 /* Components */ = {
			isa = PBXGroup;
			children = (
				A17F55782428D3E6000FE44D /* ContactPickerCell */,
				A16236482420B638006E36C8 /* ContactTableCell */,
			);
			path = Components;
			sourceTree = "<group>";
		};
		A162362E24207A24006E36C8 /* Controllers */ = {
			isa = PBXGroup;
			children = (
				A16236402420B125006E36C8 /* ContactTableViewController.h */,
				A16236412420B184006E36C8 /* ContactTableViewController.m */,
				A156F7CD242358D600AD030E /* ContactSearchController.h */,
				A156F7CE2423595B00AD030E /* ContactSearchController.m */,
				A181538C24285A0800605EA6 /* ContactPickerController.h */,
				A17F55762428CB4D000FE44D /* ContactPickerController.m */,
			);
			path = Controllers;
			sourceTree = "<group>";
		};
		A162362F24207A4F006E36C8 /* Services */ = {
			isa = PBXGroup;
			children = (
				A162363024207A63006E36C8 /* ContactService.h */,
				A162363124207AE9006E36C8 /* ContactService.m */,
				A191E2552421D874002824F7 /* ImageCacheService.h */,
				A191E2562421E062002824F7 /* ImageCacheService.m */,
			);
			path = Services;
			sourceTree = "<group>";
		};
		A162363324207CEE006E36C8 /* Utils */ = {
			isa = PBXGroup;
			children = (
				A162363524207D0C006E36C8 /* ZASingleton.h */,
				A156F7CA242312DC00AD030E /* NSDictionary+SortedDictionary.h */,
				A156F7CB242312DC00AD030E /* NSDictionary+SortedDictionary.m */,
				A1FE64D0242463210062FDE4 /* NSMutableArray+QueueAdditions.h */,
				A1FE64D1242463210062FDE4 /* NSMutableArray+QueueAdditions.m */,
			);
			path = Utils;
			sourceTree = "<group>";
		};
		A162363B242082FB006E36C8 /* Adapters */ = {
			isa = PBXGroup;
			children = (
				A162363C2420830D006E36C8 /* ContactDataAdapter.h */,
				A162363E242083EE006E36C8 /* ContactDataAdapter.m */,
				A162363D24208322006E36C8 /* DataAdapter.h */,
				A17F55752428C0F8000FE44D /* ContactDataAdapterConstants.h */,
				A157228E2429F8AB00A08E19 /* ContactDataAdapterConstants.m */,
			);
			path = Adapters;
			sourceTree = "<group>";
		};
		A16236432420B229006E36C8 /* Presenters */ = {
			isa = PBXGroup;
			children = (
				A16236442420B23C006E36C8 /* ContactTableViewPresenter.h */,
				A16236462420B4EA006E36C8 /* ContactTableViewPresenter.m */,
				A16236452420B277006E36C8 /* ContactTableViewPresenterProtocol.h */,
			);
			path = Presenters;
			sourceTree = "<group>";
		};
		A16236482420B638006E36C8 /* ContactTableCell */ = {
			isa = PBXGroup;
			children = (
				A16236492420B67D006E36C8 /* ContactTableCell.h */,
				A162364A2420B71D006E36C8 /* ContactTableCell.m */,
				A17F55732428B6C3000FE44D /* ContactTableCell.xib */,
			);
			path = ContactTableCell;
			sourceTree = "<group>";
		};
		A17F55782428D3E6000FE44D /* ContactPickerCell */ = {
			isa = PBXGroup;
			children = (
				A178CB882429A9A40079F5DA /* ContactPickerCell.h */,
				A178CB892429AA3D0079F5DA /* ContactPickerCell.m */,
				A178CB862429A9850079F5DA /* ContactPickerCell.xib */,
				A1572290242A225100A08E19 /* ContactPickerCellDelegate.h */,
			);
			path = ContactPickerCell;
			sourceTree = "<group>";
		};
		C78F929CDF92B16074D6B572 /* Frameworks */ = {
			isa = PBXGroup;
			children = (
				4C4782A21B4610CBBE0D790C /* libPods-Contact Picker.a */,
				41B4252D8508D33D272ABD00 /* libPods-Contact PickerTests.a */,
				AD0F276444786B6E31BB7CC8 /* libPods-Contact PickerUITests.a */,
			);
			name = Frameworks;
			sourceTree = "<group>";
		};
/* End PBXGroup section */

/* Begin PBXNativeTarget section */
		A16235ED24206C8F006E36C8 /* Contact Picker */ = {
			isa = PBXNativeTarget;
			buildConfigurationList = A162361D24206C91006E36C8 /* Build configuration list for PBXNativeTarget "Contact Picker" */;
			buildPhases = (
				4461ECD1CB79513567C21707 /* [CP] Check Pods Manifest.lock */,
				A16235EA24206C8F006E36C8 /* Sources */,
				A16235EB24206C8F006E36C8 /* Frameworks */,
				A16235EC24206C8F006E36C8 /* Resources */,
				594D333D004904B2B0A4341C /* [CP] Copy Pods Resources */,
			);
			buildRules = (
			);
			dependencies = (
			);
			name = "Contact Picker";
			productName = "Contact Picker";
			productReference = A16235EE24206C8F006E36C8 /* Contact Picker.app */;
			productType = "com.apple.product-type.application";
		};
		A162360824206C91006E36C8 /* Contact PickerTests */ = {
			isa = PBXNativeTarget;
			buildConfigurationList = A162362024206C91006E36C8 /* Build configuration list for PBXNativeTarget "Contact PickerTests" */;
			buildPhases = (
				5B1EC494961B11C606C4C413 /* [CP] Check Pods Manifest.lock */,
				A162360524206C91006E36C8 /* Sources */,
				A162360624206C91006E36C8 /* Frameworks */,
				A162360724206C91006E36C8 /* Resources */,
			);
			buildRules = (
			);
			dependencies = (
				A162360B24206C91006E36C8 /* PBXTargetDependency */,
			);
			name = "Contact PickerTests";
			productName = "Contact PickerTests";
			productReference = A162360924206C91006E36C8 /* Contact PickerTests.xctest */;
			productType = "com.apple.product-type.bundle.unit-test";
		};
		A162361324206C91006E36C8 /* Contact PickerUITests */ = {
			isa = PBXNativeTarget;
			buildConfigurationList = A162362324206C91006E36C8 /* Build configuration list for PBXNativeTarget "Contact PickerUITests" */;
			buildPhases = (
				2487CA8CC7DB0C3C1EED6DB3 /* [CP] Check Pods Manifest.lock */,
				A162361024206C91006E36C8 /* Sources */,
				A162361124206C91006E36C8 /* Frameworks */,
				A162361224206C91006E36C8 /* Resources */,
			);
			buildRules = (
			);
			dependencies = (
				A162361624206C91006E36C8 /* PBXTargetDependency */,
			);
			name = "Contact PickerUITests";
			productName = "Contact PickerUITests";
			productReference = A162361424206C91006E36C8 /* Contact PickerUITests.xctest */;
			productType = "com.apple.product-type.bundle.ui-testing";
		};
/* End PBXNativeTarget section */

/* Begin PBXProject section */
		A16235E624206C8F006E36C8 /* Project object */ = {
			isa = PBXProject;
			attributes = {
				LastUpgradeCheck = 1130;
				ORGANIZATIONNAME = "Long Kim";
				TargetAttributes = {
					A16235ED24206C8F006E36C8 = {
						CreatedOnToolsVersion = 11.3.1;
					};
					A162360824206C91006E36C8 = {
						CreatedOnToolsVersion = 11.3.1;
						TestTargetID = A16235ED24206C8F006E36C8;
					};
					A162361324206C91006E36C8 = {
						CreatedOnToolsVersion = 11.3.1;
						TestTargetID = A16235ED24206C8F006E36C8;
					};
				};
			};
			buildConfigurationList = A16235E924206C8F006E36C8 /* Build configuration list for PBXProject "Contact Picker" */;
			compatibilityVersion = "Xcode 9.3";
			developmentRegion = en;
			hasScannedForEncodings = 0;
			knownRegions = (
				en,
				Base,
			);
			mainGroup = A16235E524206C8F006E36C8;
			productRefGroup = A16235EF24206C8F006E36C8 /* Products */;
			projectDirPath = "";
			projectRoot = "";
			targets = (
				A16235ED24206C8F006E36C8 /* Contact Picker */,
				A162360824206C91006E36C8 /* Contact PickerTests */,
				A162361324206C91006E36C8 /* Contact PickerUITests */,
			);
		};
/* End PBXProject section */

/* Begin PBXResourcesBuildPhase section */
		A16235EC24206C8F006E36C8 /* Resources */ = {
			isa = PBXResourcesBuildPhase;
			buildActionMask = 2147483647;
			files = (
				A162360124206C91006E36C8 /* LaunchScreen.storyboard in Resources */,
				A16235FE24206C91006E36C8 /* Assets.xcassets in Resources */,
				A178CB872429A9850079F5DA /* ContactPickerCell.xib in Resources */,
				A17F55742428B6C3000FE44D /* ContactTableCell.xib in Resources */,
				A16235FC24206C8F006E36C8 /* Main.storyboard in Resources */,
			);
			runOnlyForDeploymentPostprocessing = 0;
		};
		A162360724206C91006E36C8 /* Resources */ = {
			isa = PBXResourcesBuildPhase;
			buildActionMask = 2147483647;
			files = (
			);
			runOnlyForDeploymentPostprocessing = 0;
		};
		A162361224206C91006E36C8 /* Resources */ = {
			isa = PBXResourcesBuildPhase;
			buildActionMask = 2147483647;
			files = (
			);
			runOnlyForDeploymentPostprocessing = 0;
		};
/* End PBXResourcesBuildPhase section */

/* Begin PBXShellScriptBuildPhase section */
		2487CA8CC7DB0C3C1EED6DB3 /* [CP] Check Pods Manifest.lock */ = {
			isa = PBXShellScriptBuildPhase;
			buildActionMask = 2147483647;
			files = (
			);
			inputPaths = (
				"${PODS_PODFILE_DIR_PATH}/Podfile.lock",
				"${PODS_ROOT}/Manifest.lock",
			);
			name = "[CP] Check Pods Manifest.lock";
			outputPaths = (
				"$(DERIVED_FILE_DIR)/Pods-Contact PickerUITests-checkManifestLockResult.txt",
			);
			runOnlyForDeploymentPostprocessing = 0;
			shellPath = /bin/sh;
			shellScript = "diff \"${PODS_PODFILE_DIR_PATH}/Podfile.lock\" \"${PODS_ROOT}/Manifest.lock\" > /dev/null\nif [ $? != 0 ] ; then\n    # print error to STDERR\n    echo \"error: The sandbox is not in sync with the Podfile.lock. Run 'pod install' or update your CocoaPods installation.\" >&2\n    exit 1\nfi\n# This output is used by Xcode 'outputs' to avoid re-running this script phase.\necho \"SUCCESS\" > \"${SCRIPT_OUTPUT_FILE_0}\"\n";
			showEnvVarsInLog = 0;
		};
		4461ECD1CB79513567C21707 /* [CP] Check Pods Manifest.lock */ = {
			isa = PBXShellScriptBuildPhase;
			buildActionMask = 2147483647;
			files = (
			);
			inputPaths = (
				"${PODS_PODFILE_DIR_PATH}/Podfile.lock",
				"${PODS_ROOT}/Manifest.lock",
			);
			name = "[CP] Check Pods Manifest.lock";
			outputPaths = (
				"$(DERIVED_FILE_DIR)/Pods-Contact Picker-checkManifestLockResult.txt",
			);
			runOnlyForDeploymentPostprocessing = 0;
			shellPath = /bin/sh;
			shellScript = "diff \"${PODS_PODFILE_DIR_PATH}/Podfile.lock\" \"${PODS_ROOT}/Manifest.lock\" > /dev/null\nif [ $? != 0 ] ; then\n    # print error to STDERR\n    echo \"error: The sandbox is not in sync with the Podfile.lock. Run 'pod install' or update your CocoaPods installation.\" >&2\n    exit 1\nfi\n# This output is used by Xcode 'outputs' to avoid re-running this script phase.\necho \"SUCCESS\" > \"${SCRIPT_OUTPUT_FILE_0}\"\n";
			showEnvVarsInLog = 0;
		};
		594D333D004904B2B0A4341C /* [CP] Copy Pods Resources */ = {
			isa = PBXShellScriptBuildPhase;
			buildActionMask = 2147483647;
			files = (
			);
			inputPaths = (
				"${SRCROOT}/Pods/Target Support Files/Pods-Contact Picker/Pods-Contact Picker-resources.sh",
				"${PODS_CONFIGURATION_BUILD_DIR}/Nimbus/WebController.bundle",
			);
			name = "[CP] Copy Pods Resources";
			outputPaths = (
				"${TARGET_BUILD_DIR}/${UNLOCALIZED_RESOURCES_FOLDER_PATH}/WebController.bundle",
			);
			runOnlyForDeploymentPostprocessing = 0;
			shellPath = /bin/sh;
			shellScript = "\"${SRCROOT}/Pods/Target Support Files/Pods-Contact Picker/Pods-Contact Picker-resources.sh\"\n";
			showEnvVarsInLog = 0;
		};
		5B1EC494961B11C606C4C413 /* [CP] Check Pods Manifest.lock */ = {
			isa = PBXShellScriptBuildPhase;
			buildActionMask = 2147483647;
			files = (
			);
			inputPaths = (
				"${PODS_PODFILE_DIR_PATH}/Podfile.lock",
				"${PODS_ROOT}/Manifest.lock",
			);
			name = "[CP] Check Pods Manifest.lock";
			outputPaths = (
				"$(DERIVED_FILE_DIR)/Pods-Contact PickerTests-checkManifestLockResult.txt",
			);
			runOnlyForDeploymentPostprocessing = 0;
			shellPath = /bin/sh;
			shellScript = "diff \"${PODS_PODFILE_DIR_PATH}/Podfile.lock\" \"${PODS_ROOT}/Manifest.lock\" > /dev/null\nif [ $? != 0 ] ; then\n    # print error to STDERR\n    echo \"error: The sandbox is not in sync with the Podfile.lock. Run 'pod install' or update your CocoaPods installation.\" >&2\n    exit 1\nfi\n# This output is used by Xcode 'outputs' to avoid re-running this script phase.\necho \"SUCCESS\" > \"${SCRIPT_OUTPUT_FILE_0}\"\n";
			showEnvVarsInLog = 0;
		};
/* End PBXShellScriptBuildPhase section */

/* Begin PBXSourcesBuildPhase section */
		A16235EA24206C8F006E36C8 /* Sources */ = {
			isa = PBXSourcesBuildPhase;
			buildActionMask = 2147483647;
			files = (
				A156F7CC242312DC00AD030E /* NSDictionary+SortedDictionary.m in Sources */,
				A156F7D52423634900AD030E /* ColorConstants.m in Sources */,
				A162363224207AE9006E36C8 /* ContactService.m in Sources */,
				A16236422420B184006E36C8 /* ContactTableViewController.m in Sources */,
				A191E2572421E062002824F7 /* ImageCacheService.m in Sources */,
				A178CB8A2429AA3D0079F5DA /* ContactPickerCell.m in Sources */,
				A157228F2429F8AB00A08E19 /* ContactDataAdapterConstants.m in Sources */,
				A162364E2420BBA2006E36C8 /* ContactTableCellViewModel.m in Sources */,
				A16235F924206C8F006E36C8 /* ViewController.m in Sources */,
				A16235F324206C8F006E36C8 /* AppDelegate.m in Sources */,
				A1FE64D2242463210062FDE4 /* NSMutableArray+QueueAdditions.m in Sources */,
				A162363A2420810E006E36C8 /* ZAContact.m in Sources */,
				A17F55772428CB4D000FE44D /* ContactPickerController.m in Sources */,
				A178CB8E2429AEEE0079F5DA /* VMHelper.m in Sources */,
				A16236472420B4EA006E36C8 /* ContactTableViewPresenter.m in Sources */,
				A162360424206C91006E36C8 /* main.m in Sources */,
				A1FE64D72424C75F0062FDE4 /* UIImageView+ImageWithColor.m in Sources */,
				A156F7CF2423595B00AD030E /* ContactSearchController.m in Sources */,
				A162364B2420B71D006E36C8 /* ContactTableCell.m in Sources */,
				A162363F242083EE006E36C8 /* ContactDataAdapter.m in Sources */,
				A16235F624206C8F006E36C8 /* SceneDelegate.m in Sources */,
			);
			runOnlyForDeploymentPostprocessing = 0;
		};
		A162360524206C91006E36C8 /* Sources */ = {
			isa = PBXSourcesBuildPhase;
			buildActionMask = 2147483647;
			files = (
				A162360E24206C91006E36C8 /* Contact_PickerTests.m in Sources */,
			);
			runOnlyForDeploymentPostprocessing = 0;
		};
		A162361024206C91006E36C8 /* Sources */ = {
			isa = PBXSourcesBuildPhase;
			buildActionMask = 2147483647;
			files = (
				A162361924206C91006E36C8 /* Contact_PickerUITests.m in Sources */,
			);
			runOnlyForDeploymentPostprocessing = 0;
		};
/* End PBXSourcesBuildPhase section */

/* Begin PBXTargetDependency section */
		A162360B24206C91006E36C8 /* PBXTargetDependency */ = {
			isa = PBXTargetDependency;
			target = A16235ED24206C8F006E36C8 /* Contact Picker */;
			targetProxy = A162360A24206C91006E36C8 /* PBXContainerItemProxy */;
		};
		A162361624206C91006E36C8 /* PBXTargetDependency */ = {
			isa = PBXTargetDependency;
			target = A16235ED24206C8F006E36C8 /* Contact Picker */;
			targetProxy = A162361524206C91006E36C8 /* PBXContainerItemProxy */;
		};
/* End PBXTargetDependency section */

/* Begin PBXVariantGroup section */
		A16235FA24206C8F006E36C8 /* Main.storyboard */ = {
			isa = PBXVariantGroup;
			children = (
				A16235FB24206C8F006E36C8 /* Base */,
			);
			name = Main.storyboard;
			sourceTree = "<group>";
		};
		A16235FF24206C91006E36C8 /* LaunchScreen.storyboard */ = {
			isa = PBXVariantGroup;
			children = (
				A162360024206C91006E36C8 /* Base */,
			);
			name = LaunchScreen.storyboard;
			sourceTree = "<group>";
		};
/* End PBXVariantGroup section */

/* Begin XCBuildConfiguration section */
		A162361B24206C91006E36C8 /* Debug */ = {
			isa = XCBuildConfiguration;
			buildSettings = {
				ALWAYS_SEARCH_USER_PATHS = NO;
				CLANG_ANALYZER_NONNULL = YES;
				CLANG_ANALYZER_NUMBER_OBJECT_CONVERSION = YES_AGGRESSIVE;
				CLANG_CXX_LANGUAGE_STANDARD = "gnu++14";
				CLANG_CXX_LIBRARY = "libc++";
				CLANG_ENABLE_MODULES = YES;
				CLANG_ENABLE_OBJC_ARC = YES;
				CLANG_ENABLE_OBJC_WEAK = YES;
				CLANG_WARN_BLOCK_CAPTURE_AUTORELEASING = YES;
				CLANG_WARN_BOOL_CONVERSION = YES;
				CLANG_WARN_COMMA = YES;
				CLANG_WARN_CONSTANT_CONVERSION = YES;
				CLANG_WARN_DEPRECATED_OBJC_IMPLEMENTATIONS = YES;
				CLANG_WARN_DIRECT_OBJC_ISA_USAGE = YES_ERROR;
				CLANG_WARN_DOCUMENTATION_COMMENTS = YES;
				CLANG_WARN_EMPTY_BODY = YES;
				CLANG_WARN_ENUM_CONVERSION = YES;
				CLANG_WARN_INFINITE_RECURSION = YES;
				CLANG_WARN_INT_CONVERSION = YES;
				CLANG_WARN_NON_LITERAL_NULL_CONVERSION = YES;
				CLANG_WARN_OBJC_IMPLICIT_RETAIN_SELF = YES;
				CLANG_WARN_OBJC_LITERAL_CONVERSION = YES;
				CLANG_WARN_OBJC_ROOT_CLASS = YES_ERROR;
				CLANG_WARN_RANGE_LOOP_ANALYSIS = YES;
				CLANG_WARN_STRICT_PROTOTYPES = YES;
				CLANG_WARN_SUSPICIOUS_MOVE = YES;
				CLANG_WARN_UNGUARDED_AVAILABILITY = YES_AGGRESSIVE;
				CLANG_WARN_UNREACHABLE_CODE = YES;
				CLANG_WARN__DUPLICATE_METHOD_MATCH = YES;
				COPY_PHASE_STRIP = NO;
				DEBUG_INFORMATION_FORMAT = dwarf;
				ENABLE_STRICT_OBJC_MSGSEND = YES;
				ENABLE_TESTABILITY = YES;
				GCC_C_LANGUAGE_STANDARD = gnu11;
				GCC_DYNAMIC_NO_PIC = NO;
				GCC_NO_COMMON_BLOCKS = YES;
				GCC_OPTIMIZATION_LEVEL = 0;
				GCC_PREPROCESSOR_DEFINITIONS = (
					"DEBUG=1",
					"$(inherited)",
				);
				GCC_WARN_64_TO_32_BIT_CONVERSION = YES;
				GCC_WARN_ABOUT_RETURN_TYPE = YES_ERROR;
				GCC_WARN_UNDECLARED_SELECTOR = YES;
				GCC_WARN_UNINITIALIZED_AUTOS = YES_AGGRESSIVE;
				GCC_WARN_UNUSED_FUNCTION = YES;
				GCC_WARN_UNUSED_VARIABLE = YES;
				IPHONEOS_DEPLOYMENT_TARGET = 13.2;
				MTL_ENABLE_DEBUG_INFO = INCLUDE_SOURCE;
				MTL_FAST_MATH = YES;
				ONLY_ACTIVE_ARCH = YES;
				SDKROOT = iphoneos;
			};
			name = Debug;
		};
		A162361C24206C91006E36C8 /* Release */ = {
			isa = XCBuildConfiguration;
			buildSettings = {
				ALWAYS_SEARCH_USER_PATHS = NO;
				CLANG_ANALYZER_NONNULL = YES;
				CLANG_ANALYZER_NUMBER_OBJECT_CONVERSION = YES_AGGRESSIVE;
				CLANG_CXX_LANGUAGE_STANDARD = "gnu++14";
				CLANG_CXX_LIBRARY = "libc++";
				CLANG_ENABLE_MODULES = YES;
				CLANG_ENABLE_OBJC_ARC = YES;
				CLANG_ENABLE_OBJC_WEAK = YES;
				CLANG_WARN_BLOCK_CAPTURE_AUTORELEASING = YES;
				CLANG_WARN_BOOL_CONVERSION = YES;
				CLANG_WARN_COMMA = YES;
				CLANG_WARN_CONSTANT_CONVERSION = YES;
				CLANG_WARN_DEPRECATED_OBJC_IMPLEMENTATIONS = YES;
				CLANG_WARN_DIRECT_OBJC_ISA_USAGE = YES_ERROR;
				CLANG_WARN_DOCUMENTATION_COMMENTS = YES;
				CLANG_WARN_EMPTY_BODY = YES;
				CLANG_WARN_ENUM_CONVERSION = YES;
				CLANG_WARN_INFINITE_RECURSION = YES;
				CLANG_WARN_INT_CONVERSION = YES;
				CLANG_WARN_NON_LITERAL_NULL_CONVERSION = YES;
				CLANG_WARN_OBJC_IMPLICIT_RETAIN_SELF = YES;
				CLANG_WARN_OBJC_LITERAL_CONVERSION = YES;
				CLANG_WARN_OBJC_ROOT_CLASS = YES_ERROR;
				CLANG_WARN_RANGE_LOOP_ANALYSIS = YES;
				CLANG_WARN_STRICT_PROTOTYPES = YES;
				CLANG_WARN_SUSPICIOUS_MOVE = YES;
				CLANG_WARN_UNGUARDED_AVAILABILITY = YES_AGGRESSIVE;
				CLANG_WARN_UNREACHABLE_CODE = YES;
				CLANG_WARN__DUPLICATE_METHOD_MATCH = YES;
				COPY_PHASE_STRIP = NO;
				DEBUG_INFORMATION_FORMAT = "dwarf-with-dsym";
				ENABLE_NS_ASSERTIONS = NO;
				ENABLE_STRICT_OBJC_MSGSEND = YES;
				GCC_C_LANGUAGE_STANDARD = gnu11;
				GCC_NO_COMMON_BLOCKS = YES;
				GCC_WARN_64_TO_32_BIT_CONVERSION = YES;
				GCC_WARN_ABOUT_RETURN_TYPE = YES_ERROR;
				GCC_WARN_UNDECLARED_SELECTOR = YES;
				GCC_WARN_UNINITIALIZED_AUTOS = YES_AGGRESSIVE;
				GCC_WARN_UNUSED_FUNCTION = YES;
				GCC_WARN_UNUSED_VARIABLE = YES;
				IPHONEOS_DEPLOYMENT_TARGET = 13.2;
				MTL_ENABLE_DEBUG_INFO = NO;
				MTL_FAST_MATH = YES;
				SDKROOT = iphoneos;
				VALIDATE_PRODUCT = YES;
			};
			name = Release;
		};
		A162361E24206C91006E36C8 /* Debug */ = {
			isa = XCBuildConfiguration;
			baseConfigurationReference = B35C12BAAA7A93EC9CFBB693 /* Pods-Contact Picker.debug.xcconfig */;
			buildSettings = {
				ASSETCATALOG_COMPILER_APPICON_NAME = AppIcon;
				CODE_SIGN_STYLE = Automatic;
				DEVELOPMENT_TEAM = ZZTDCDTRL8;
				INFOPLIST_FILE = "Contact Picker/Info.plist";
				LD_RUNPATH_SEARCH_PATHS = (
					"$(inherited)",
					"@executable_path/Frameworks",
				);
				PRODUCT_BUNDLE_IDENTIFIER = "com.zalo.Contact-Picker";
				PRODUCT_NAME = "$(TARGET_NAME)";
				TARGETED_DEVICE_FAMILY = "1,2";
			};
			name = Debug;
		};
		A162361F24206C91006E36C8 /* Release */ = {
			isa = XCBuildConfiguration;
			baseConfigurationReference = BCDC255ACBC90E8F5E7068CC /* Pods-Contact Picker.release.xcconfig */;
			buildSettings = {
				ASSETCATALOG_COMPILER_APPICON_NAME = AppIcon;
				CODE_SIGN_STYLE = Automatic;
				DEVELOPMENT_TEAM = ZZTDCDTRL8;
				INFOPLIST_FILE = "Contact Picker/Info.plist";
				LD_RUNPATH_SEARCH_PATHS = (
					"$(inherited)",
					"@executable_path/Frameworks",
				);
				PRODUCT_BUNDLE_IDENTIFIER = "com.zalo.Contact-Picker";
				PRODUCT_NAME = "$(TARGET_NAME)";
				TARGETED_DEVICE_FAMILY = "1,2";
			};
			name = Release;
		};
		A162362124206C91006E36C8 /* Debug */ = {
			isa = XCBuildConfiguration;
			baseConfigurationReference = 190F952E8F47177D923F922D /* Pods-Contact PickerTests.debug.xcconfig */;
			buildSettings = {
				BUNDLE_LOADER = "$(TEST_HOST)";
				CODE_SIGN_STYLE = Automatic;
				DEVELOPMENT_TEAM = ZZTDCDTRL8;
				INFOPLIST_FILE = "Contact PickerTests/Info.plist";
				IPHONEOS_DEPLOYMENT_TARGET = 13.2;
				LD_RUNPATH_SEARCH_PATHS = (
					"$(inherited)",
					"@executable_path/Frameworks",
					"@loader_path/Frameworks",
				);
				PRODUCT_BUNDLE_IDENTIFIER = "com.zalo.Contact-PickerTests";
				PRODUCT_NAME = "$(TARGET_NAME)";
				TARGETED_DEVICE_FAMILY = "1,2";
				TEST_HOST = "$(BUILT_PRODUCTS_DIR)/Contact Picker.app/Contact Picker";
			};
			name = Debug;
		};
		A162362224206C91006E36C8 /* Release */ = {
			isa = XCBuildConfiguration;
			baseConfigurationReference = 9E474F7F9B38AE5760F37C1E /* Pods-Contact PickerTests.release.xcconfig */;
			buildSettings = {
				BUNDLE_LOADER = "$(TEST_HOST)";
				CODE_SIGN_STYLE = Automatic;
				DEVELOPMENT_TEAM = ZZTDCDTRL8;
				INFOPLIST_FILE = "Contact PickerTests/Info.plist";
				IPHONEOS_DEPLOYMENT_TARGET = 13.2;
				LD_RUNPATH_SEARCH_PATHS = (
					"$(inherited)",
					"@executable_path/Frameworks",
					"@loader_path/Frameworks",
				);
				PRODUCT_BUNDLE_IDENTIFIER = "com.zalo.Contact-PickerTests";
				PRODUCT_NAME = "$(TARGET_NAME)";
				TARGETED_DEVICE_FAMILY = "1,2";
				TEST_HOST = "$(BUILT_PRODUCTS_DIR)/Contact Picker.app/Contact Picker";
			};
			name = Release;
		};
		A162362424206C91006E36C8 /* Debug */ = {
			isa = XCBuildConfiguration;
			baseConfigurationReference = 31DDB894414B133861ED0E2E /* Pods-Contact PickerUITests.debug.xcconfig */;
			buildSettings = {
				CODE_SIGN_STYLE = Automatic;
				DEVELOPMENT_TEAM = ZZTDCDTRL8;
				INFOPLIST_FILE = "Contact PickerUITests/Info.plist";
				LD_RUNPATH_SEARCH_PATHS = (
					"$(inherited)",
					"@executable_path/Frameworks",
					"@loader_path/Frameworks",
				);
				PRODUCT_BUNDLE_IDENTIFIER = "com.zalo.Contact-PickerUITests";
				PRODUCT_NAME = "$(TARGET_NAME)";
				TARGETED_DEVICE_FAMILY = "1,2";
				TEST_TARGET_NAME = "Contact Picker";
			};
			name = Debug;
		};
		A162362524206C91006E36C8 /* Release */ = {
			isa = XCBuildConfiguration;
			baseConfigurationReference = D3F088A6AE7A17CDEAB1614E /* Pods-Contact PickerUITests.release.xcconfig */;
			buildSettings = {
				CODE_SIGN_STYLE = Automatic;
				DEVELOPMENT_TEAM = ZZTDCDTRL8;
				INFOPLIST_FILE = "Contact PickerUITests/Info.plist";
				LD_RUNPATH_SEARCH_PATHS = (
					"$(inherited)",
					"@executable_path/Frameworks",
					"@loader_path/Frameworks",
				);
				PRODUCT_BUNDLE_IDENTIFIER = "com.zalo.Contact-PickerUITests";
				PRODUCT_NAME = "$(TARGET_NAME)";
				TARGETED_DEVICE_FAMILY = "1,2";
				TEST_TARGET_NAME = "Contact Picker";
			};
			name = Release;
		};
/* End XCBuildConfiguration section */

/* Begin XCConfigurationList section */
		A16235E924206C8F006E36C8 /* Build configuration list for PBXProject "Contact Picker" */ = {
			isa = XCConfigurationList;
			buildConfigurations = (
				A162361B24206C91006E36C8 /* Debug */,
				A162361C24206C91006E36C8 /* Release */,
			);
			defaultConfigurationIsVisible = 0;
			defaultConfigurationName = Release;
		};
		A162361D24206C91006E36C8 /* Build configuration list for PBXNativeTarget "Contact Picker" */ = {
			isa = XCConfigurationList;
			buildConfigurations = (
				A162361E24206C91006E36C8 /* Debug */,
				A162361F24206C91006E36C8 /* Release */,
			);
			defaultConfigurationIsVisible = 0;
			defaultConfigurationName = Release;
		};
		A162362024206C91006E36C8 /* Build configuration list for PBXNativeTarget "Contact PickerTests" */ = {
			isa = XCConfigurationList;
			buildConfigurations = (
				A162362124206C91006E36C8 /* Debug */,
				A162362224206C91006E36C8 /* Release */,
			);
			defaultConfigurationIsVisible = 0;
			defaultConfigurationName = Release;
		};
		A162362324206C91006E36C8 /* Build configuration list for PBXNativeTarget "Contact PickerUITests" */ = {
			isa = XCConfigurationList;
			buildConfigurations = (
				A162362424206C91006E36C8 /* Debug */,
				A162362524206C91006E36C8 /* Release */,
			);
			defaultConfigurationIsVisible = 0;
			defaultConfigurationName = Release;
		};
/* End XCConfigurationList section */
	};
	rootObject = A16235E624206C8F006E36C8 /* Project object */;
}
